
Microsoft Visual Studio Solution File, Format Version 12.00
# Visual Studio Version 17
VisualStudioVersion = 17.14.36518.9
MinimumVisualStudioVersion = 10.0.40219.1
Project("{FAE04EC0-301F-11D3-BF4B-00C04F79EFBC}") = "Presentation", "Presentation\Presentation.csproj", "{D56C1364-2D46-4D82-9A2D-2B4E2CEDFB17}"
EndProject
Project("{FAE04EC0-301F-11D3-BF4B-00C04F79EFBC}") = "Domain", "Domain\Domain.csproj", "{6193159F-6F54-4BBF-B72A-738BD0AE02BB}"
EndProject
Project("{FAE04EC0-301F-11D3-BF4B-00C04F79EFBC}") = "Application", "Application\Application.csproj", "{FA484D12-7003-4881-A35A-81B039D568F4}"
EndProject
Global
	GlobalSection(SolutionConfigurationPlatforms) = preSolution
		Debug|Any CPU = Debug|Any CPU
		Release|Any CPU = Release|Any CPU
	EndGlobalSection
	GlobalSection(ProjectConfigurationPlatforms) = postSolution
		{D56C1364-2D46-4D82-9A2D-2B4E2CEDFB17}.Debug|Any CPU.ActiveCfg = Debug|Any CPU
		{D56C1364-2D46-4D82-9A2D-2B4E2CEDFB17}.Debug|Any CPU.Build.0 = Debug|Any CPU
		{D56C1364-2D46-4D82-9A2D-2B4E2CEDFB17}.Release|Any CPU.ActiveCfg = Release|Any CPU
		{D56C1364-2D46-4D82-9A2D-2B4E2CEDFB17}.Release|Any CPU.Build.0 = Release|Any CPU
		{6193159F-6F54-4BBF-B72A-738BD0AE02BB}.Debug|Any CPU.ActiveCfg = Debug|Any CPU
		{6193159F-6F54-4BBF-B72A-738BD0AE02BB}.Debug|Any CPU.Build.0 = Debug|Any CPU
		{6193159F-6F54-4BBF-B72A-738BD0AE02BB}.Release|Any CPU.ActiveCfg = Release|Any CPU
		{6193159F-6F54-4BBF-B72A-738BD0AE02BB}.Release|Any CPU.Build.0 = Release|Any CPU
		{FA484D12-7003-4881-A35A-81B039D568F4}.Debug|Any CPU.ActiveCfg = Debug|Any CPU
		{FA484D12-7003-4881-A35A-81B039D568F4}.Debug|Any CPU.Build.0 = Debug|Any CPU
		{FA484D12-7003-4881-A35A-81B039D568F4}.Release|Any CPU.ActiveCfg = Release|Any CPU
		{FA484D12-7003-4881-A35A-81B039D568F4}.Release|Any CPU.Build.0 = Release|Any CPU
	EndGlobalSection
	GlobalSection(SolutionProperties) = preSolution
		HideSolutionNode = FALSE
	EndGlobalSection
	GlobalSection(ExtensibilityGlobals) = postSolution
		SolutionGuid = {44CAE570-110F-4F06-8787-6C17D1042C69}
	EndGlobalSection
EndGlobal
